<?xml version="1.0" encoding="utf-8"?>
<Project ToolsVersion="4.0" xmlns="http://schemas.microsoft.com/developer/msbuild/2003">
  <ItemGroup>
    <Filter Include="Source Files">
      <UniqueIdentifier>{4FC737F1-C7A5-4376-A066-2A32D752A2FF}</UniqueIdentifier>
      <Extensions>cpp;c;cc;cxx;def;odl;idl;hpj;bat;asm;asmx</Extensions>
    </Filter>
    <Filter Include="Header Files">
      <UniqueIdentifier>{93995380-89BD-4b04-88EB-625FBE52EBFB}</UniqueIdentifier>
      <Extensions>h;hh;hpp;hxx;hm;inl;inc;ipp;xsd</Extensions>
    </Filter>
    <Filter Include="Resource Files">
      <UniqueIdentifier>{67DA6AB6-F800-4c08-8B7A-83BB121AAD01}</UniqueIdentifier>
      <Extensions>rc;ico;cur;bmp;dlg;rc2;rct;bin;rgs;gif;jpg;jpeg;jpe;resx;tiff;tif;png;wav;mfcribbon-ms</Extensions>
    </Filter>
    <Filter Include="Header Files\cpu">
      <UniqueIdentifier>{cf6de92c-8573-4fd8-bd79-ce883b37a30f}</UniqueIdentifier>
    </Filter>
    <Filter Include="Source Files\cpu">
      <UniqueIdentifier>{107aff6b-dc6f-4e79-bb74-8a642903f9af}</UniqueIdentifier>
    </Filter>
    <Filter Include="Source Files\bus">
      <UniqueIdentifier>{dae8e43d-bb3e-4e74-a29e-ab4a08658bbc}</UniqueIdentifier>
    </Filter>
    <Filter Include="Header Files\bus">
      <UniqueIdentifier>{77b4b232-8316-498c-9f5c-2104eeed4dc3}</UniqueIdentifier>
    </Filter>
    <Filter Include="Header Files\dev">
      <UniqueIdentifier>{e855b87d-d3fa-4699-908d-a052fb51c77d}</UniqueIdentifier>
    </Filter>
    <Filter Include="Source Files\dev">
      <UniqueIdentifier>{be60fecb-ba6d-4950-8e7c-064df13a4f4f}</UniqueIdentifier>
    </Filter>
  </ItemGroup>
  <ItemGroup>
    <ClInclude Include="stdafx.h">
      <Filter>Header Files</Filter>
    </ClInclude>
    <ClInclude Include="targetver.h">
      <Filter>Header Files</Filter>
    </ClInclude>
    <ClInclude Include="Resource.h">
      <Filter>Header Files</Filter>
    </ClInclude>
    <ClInclude Include="OkeanEmu.h">
      <Filter>Header Files</Filter>
    </ClInclude>
    <ClInclude Include="cpu\asmlog.hpp">
      <Filter>Header Files\cpu</Filter>
    </ClInclude>
    <ClInclude Include="cpu\command.hpp">
      <Filter>Header Files\cpu</Filter>
    </ClInclude>
    <ClInclude Include="cpu\cpu.hpp">
      <Filter>Header Files\cpu</Filter>
    </ClInclude>
    <ClInclude Include="cpu\IO.hpp">
      <Filter>Header Files\cpu</Filter>
    </ClInclude>
    <ClInclude Include="cpu\status.hpp">
      <Filter>Header Files\cpu</Filter>
    </ClInclude>
    <ClInclude Include="bus\okeanBus.h">
      <Filter>Header Files\bus</Filter>
    </ClInclude>
    <ClInclude Include="bus\periphery.h">
      <Filter>Header Files\bus</Filter>
    </ClInclude>
    <ClInclude Include="dev\recordplayer.h">
      <Filter>Header Files\dev</Filter>
    </ClInclude>
  </ItemGroup>
  <ItemGroup>
    <ClCompile Include="stdafx.cpp">
      <Filter>Source Files</Filter>
    </ClCompile>
    <ClCompile Include="OkeanEmu.cpp">
      <Filter>Source Files</Filter>
    </ClCompile>
    <ClCompile Include="cpu\asmlog.cpp">
      <Filter>Source Files\cpu</Filter>
    </ClCompile>
    <ClCompile Include="cpu\command.cpp">
      <Filter>Source Files\cpu</Filter>
    </ClCompile>
    <ClCompile Include="cpu\cpu.cpp">
      <Filter>Source Files\cpu</Filter>
    </ClCompile>
    <ClCompile Include="bus\okeanBus.cpp">
      <Filter>Source Files\bus</Filter>
    </ClCompile>
    <ClCompile Include="bus\periphery.cpp">
      <Filter>Source Files\bus</Filter>
    </ClCompile>
    <ClCompile Include="dev\recordplayer.cpp">
      <Filter>Source Files\dev</Filter>
    </ClCompile>
    <ClCompile Include="cpu\status.cpp">
      <Filter>Source Files\dev</Filter>
    </ClCompile>
  </ItemGroup>
  <ItemGroup>
    <ResourceCompile Include="OkeanEmu.rc">
      <Filter>Resource Files</Filter>
    </ResourceCompile>
  </ItemGroup>
  <ItemGroup>
    <Image Include="small.ico">
      <Filter>Resource Files</Filter>
    </Image>
    <Image Include="OkeanEmu.ico">
      <Filter>Resource Files</Filter>
    </Image>
  </ItemGroup>
  <ItemGroup>
    <None Include="App.config" />
  </ItemGroup>
</Project>